
Microsoft Visual Studio Solution File, Format Version 12.00
# Visual Studio 2012
Project("{FAE04EC0-301F-11D3-BF4B-00C04F79EFBC}") = "CANBUS_MONITOR", "CANBUS_MONITOR\CANBUS_MONITOR.csproj", "{0B4A5507-3D6A-4060-9D0A-E7C14378667A}"
EndProject
Project("{2150E333-8FDC-42A3-9474-1A3956D46DE8}") = ".nuget", ".nuget", "{2A450833-17A5-4824-BF39-70ADD0B4A4EF}"
	ProjectSection(SolutionItems) = preProject
		.nuget\packages.config = .nuget\packages.config
	EndProjectSection
EndProject
Global
	GlobalSection(SolutionConfigurationPlatforms) = preSolution
		Debug|Any CPU = Debug|Any CPU
		Debug|x64 = Debug|x64
		Debug|x86 = Debug|x86
		Release|Any CPU = Release|Any CPU
		Release|x64 = Release|x64
		Release|x86 = Release|x86
	EndGlobalSection
	GlobalSection(ProjectConfigurationPlatforms) = postSolution
		{0B4A5507-3D6A-4060-9D0A-E7C14378667A}.Debug|Any CPU.ActiveCfg = Debug|Any CPU
		{0B4A5507-3D6A-4060-9D0A-E7C14378667A}.Debug|Any CPU.Build.0 = Debug|Any CPU
		{0B4A5507-3D6A-4060-9D0A-E7C14378667A}.Debug|x64.ActiveCfg = Debug|Any CPU
		{0B4A5507-3D6A-4060-9D0A-E7C14378667A}.Debug|x86.ActiveCfg = Debug|Any CPU
		{0B4A5507-3D6A-4060-9D0A-E7C14378667A}.Release|Any CPU.ActiveCfg = Release|Any CPU
		{0B4A5507-3D6A-4060-9D0A-E7C14378667A}.Release|Any CPU.Build.0 = Release|Any CPU
		{0B4A5507-3D6A-4060-9D0A-E7C14378667A}.Release|x64.ActiveCfg = Release|Any CPU
		{0B4A5507-3D6A-4060-9D0A-E7C14378667A}.Release|x86.ActiveCfg = Release|Any CPU
	EndGlobalSection
	GlobalSection(SolutionProperties) = preSolution
		HideSolutionNode = FALSE
	EndGlobalSection
EndGlobal
